
Microsoft Visual Studio Solution File, Format Version 12.00
# Visual Studio Version 16
VisualStudioVersion = 16.0.30621.155
MinimumVisualStudioVersion = 10.0.40219.1
Project("{FAE04EC0-301F-11D3-BF4B-00C04F79EFBC}") = "MISA.CukCuk", "MISA.CukCuk\MISA.CukCuk.csproj", "{561C12CF-B6CA-48A6-BD62-2749D0744D02}"
EndProject
Global
	GlobalSection(SolutionConfigurationPlatforms) = preSolution
		Debug|Any CPU = Debug|Any CPU
		Release|Any CPU = Release|Any CPU
	EndGlobalSection
	GlobalSection(ProjectConfigurationPlatforms) = postSolution
		{561C12CF-B6CA-48A6-BD62-2749D0744D02}.Debug|Any CPU.ActiveCfg = Debug|Any CPU
		{561C12CF-B6CA-48A6-BD62-2749D0744D02}.Debug|Any CPU.Build.0 = Debug|Any CPU
		{561C12CF-B6CA-48A6-BD62-2749D0744D02}.Release|Any CPU.ActiveCfg = Release|Any CPU
		{561C12CF-B6CA-48A6-BD62-2749D0744D02}.Release|Any CPU.Build.0 = Release|Any CPU
	EndGlobalSection
	GlobalSection(SolutionProperties) = preSolution
		HideSolutionNode = FALSE
	EndGlobalSection
	GlobalSection(ExtensibilityGlobals) = postSolution
		SolutionGuid = {DF87FB3D-FC60-45D1-AF3A-7D9EEC2D2CFC}
	EndGlobalSection
EndGlobal
